
Microsoft Visual Studio Solution File, Format Version 11.00
# Visual Studio 2010
Project("{8BC9CEB8-8B4A-11D0-8D11-00A0C91BC942}") = "calibration_capure", "calibration_capure.vcxproj", "{680051E7-BEAF-42D1-82D1-80F6C5C8FDB4}"
EndProject
Global
	GlobalSection(SolutionConfigurationPlatforms) = preSolution
		Debug|Win32 = Debug|Win32
		Release|Win32 = Release|Win32
	EndGlobalSection
	GlobalSection(ProjectConfigurationPlatforms) = postSolution
		{680051E7-BEAF-42D1-82D1-80F6C5C8FDB4}.Debug|Win32.ActiveCfg = Debug|Win32
		{680051E7-BEAF-42D1-82D1-80F6C5C8FDB4}.Debug|Win32.Build.0 = Debug|Win32
		{680051E7-BEAF-42D1-82D1-80F6C5C8FDB4}.Release|Win32.ActiveCfg = Release|Win32
		{680051E7-BEAF-42D1-82D1-80F6C5C8FDB4}.Release|Win32.Build.0 = Release|Win32
	EndGlobalSection
	GlobalSection(SolutionProperties) = preSolution
		HideSolutionNode = FALSE
	EndGlobalSection
EndGlobal
