<?xml version="1.0" encoding="utf-8"?>
<Project ToolsVersion="4.0" xmlns="http://schemas.microsoft.com/developer/msbuild/2003">
  <ItemGroup>
    <ClInclude Include="..\include\WebcamApp.h" />
    <ClInclude Include="..\include\WebcamScene.h" />
    <ClInclude Include="..\include\RigidListenerNode.h" />
    <ClInclude Include="..\include\NPRWatercolorRenderTarget.h" />
    <ClInclude Include="..\include\stb_image_write.h" />
  </ItemGroup>
  <ItemGroup>
    <ClCompile Include="..\src\WebcamApp.cpp" />
    <ClCompile Include="..\src\webcammain.cpp" />
    <ClCompile Include="..\src\WebcamScene.cpp" />
    <ClCompile Include="..\src\NPRWatercolorRenderTarget.cpp" />
  </ItemGroup>
</Project>